<?xml version="1.0" encoding="UTF-8"?>
<Project ToolsVersion="14.0" xmlns="http://schemas.microsoft.com/developer/msbuild/2003">
  <ItemGroup>
    <ClCompile Include="D:\programmation\libraries\glfw-3.2.1\examples\wave.c">
      <Filter>Source Files</Filter>
    </ClCompile>
    <ClCompile Include="D:\programmation\libraries\glfw-3.2.1\deps\glad.c">
      <Filter>Source Files</Filter>
    </ClCompile>
  </ItemGroup>
  <ItemGroup>
    <ClInclude Include="D:\programmation\libraries\glfw-3.2.1\deps\glad\glad.h">
      <Filter>Header Files</Filter>
    </ClInclude>
  </ItemGroup>
  <ItemGroup>
    <CustomBuild Include="D:\programmation\libraries\glfw-3.2.1\examples\CMakeLists.txt" />
  </ItemGroup>
  <ItemGroup>
    <ResourceCompile Include="D:\programmation\libraries\glfw-3.2.1\examples\glfw.rc">
      <Filter>Source Files</Filter>
    </ResourceCompile>
  </ItemGroup>
  <ItemGroup>
    <Filter Include="Source Files">
      <UniqueIdentifier>{8034D45B-E28E-3C7A-8B3D-31C287D84C99}</UniqueIdentifier>
    </Filter>
    <Filter Include="Header Files">
      <UniqueIdentifier>{C21E0A6C-2B8D-3531-9AA1-FDFEA6CF5D16}</UniqueIdentifier>
    </Filter>
  </ItemGroup>
</Project>
