Microsoft Visual Studio Solution File, Format Version 12.00
# Visual Studio 14
Project("{2150E333-8FDC-42A3-9474-1A3956D46DE8}") = "CMakePredefinedTargets", "CMakePredefinedTargets", "{3B3D7D06-97D3-3199-BCCB-59022D7B9478}"
EndProject
Project("{2150E333-8FDC-42A3-9474-1A3956D46DE8}") = "GLFW3", "GLFW3", "{DADC1E67-1C5C-30C4-9E61-C6DF851F257D}"
EndProject
Project("{2150E333-8FDC-42A3-9474-1A3956D46DE8}") = "Examples", "GLFW3\Examples", "{4F591457-B378-3A45-B0E2-0E33610A2959}"
EndProject
Project("{2150E333-8FDC-42A3-9474-1A3956D46DE8}") = "Tests", "GLFW3\Tests", "{3B5F29B6-23D0-317E-B0A4-9A151D2AAF05}"
EndProject
Project("{8BC9CEB8-8B4A-11D0-8D11-00A0C91BC942}") = "ALL_BUILD", "ALL_BUILD.vcxproj", "{98B82448-0FF0-3A7D-AE36-EB7810273615}"
	ProjectSection(ProjectDependencies) = postProject
		{F1EA8FC2-6EFB-3C74-8AD4-C5946FD23548} = {F1EA8FC2-6EFB-3C74-8AD4-C5946FD23548}
		{6F105204-3F7E-36F4-B977-5E95ED209464} = {6F105204-3F7E-36F4-B977-5E95ED209464}
		{E4B160BF-24F0-3595-B63A-23F90BD85F91} = {E4B160BF-24F0-3595-B63A-23F90BD85F91}
		{08572D39-B755-379F-855D-9971C850C5AF} = {08572D39-B755-379F-855D-9971C850C5AF}
		{45159B76-3350-365A-BC5C-12A03C567983} = {45159B76-3350-365A-BC5C-12A03C567983}
		{605278E2-31A0-3A4B-9C6E-7C9CF2BCCC6E} = {605278E2-31A0-3A4B-9C6E-7C9CF2BCCC6E}
		{BD63E939-0D9D-3064-871C-62C492E51326} = {BD63E939-0D9D-3064-871C-62C492E51326}
		{38B49F90-BCF3-3830-B3D3-849C93FF79EB} = {38B49F90-BCF3-3830-B3D3-849C93FF79EB}
		{F671A3FF-0C03-3DF9-B103-CAF7F61964CD} = {F671A3FF-0C03-3DF9-B103-CAF7F61964CD}
		{792C31FE-AC6F-32FA-AE0D-E8268F2E1A5E} = {792C31FE-AC6F-32FA-AE0D-E8268F2E1A5E}
		{78BE2D10-DD2B-304A-818D-B8A009A43A3C} = {78BE2D10-DD2B-304A-818D-B8A009A43A3C}
		{E67B952E-7F9F-3470-AF7F-1DB844C380D0} = {E67B952E-7F9F-3470-AF7F-1DB844C380D0}
		{BE4CF4A2-CF68-34DD-B180-D3AB0569925F} = {BE4CF4A2-CF68-34DD-B180-D3AB0569925F}
		{35CD18FA-DFF5-3DFF-9381-3D837C65D362} = {35CD18FA-DFF5-3DFF-9381-3D837C65D362}
		{AF92643B-E51F-3387-9068-97509013496D} = {AF92643B-E51F-3387-9068-97509013496D}
		{438A8CA0-DC88-303B-A034-4A4DBC382D58} = {438A8CA0-DC88-303B-A034-4A4DBC382D58}
		{678511EA-865B-362A-960F-AAA38EDCFC00} = {678511EA-865B-362A-960F-AAA38EDCFC00}
		{0CDA9BC3-DBA3-315F-B2A3-9A0D51BFBA03} = {0CDA9BC3-DBA3-315F-B2A3-9A0D51BFBA03}
		{E6D7B684-93A4-3D8E-B82C-5542AC91BE4A} = {E6D7B684-93A4-3D8E-B82C-5542AC91BE4A}
		{6FC8449A-5DC1-3662-945B-F21CBD7115FC} = {6FC8449A-5DC1-3662-945B-F21CBD7115FC}
		{3DA8786C-02C4-3116-B802-FF0AD4FB5E06} = {3DA8786C-02C4-3116-B802-FF0AD4FB5E06}
		{45045F60-5C3D-3668-B4F3-33851F3A76BB} = {45045F60-5C3D-3668-B4F3-33851F3A76BB}
		{FB9EC2FD-6366-3096-8ADF-829E17F6E0AB} = {FB9EC2FD-6366-3096-8ADF-829E17F6E0AB}
		{CC91D32C-845E-3F2F-BD51-11D511C626EB} = {CC91D32C-845E-3F2F-BD51-11D511C626EB}
		{8A8B0D85-529C-3703-AFEF-66D86AC59128} = {8A8B0D85-529C-3703-AFEF-66D86AC59128}
		{FC4A0C9A-F549-3774-9722-19A435927442} = {FC4A0C9A-F549-3774-9722-19A435927442}
		{3204EFAF-68B0-395F-AFCC-C4F3C9C09768} = {3204EFAF-68B0-395F-AFCC-C4F3C9C09768}
		{AAF302E2-7ED0-3B9E-8A17-F4B5310F381C} = {AAF302E2-7ED0-3B9E-8A17-F4B5310F381C}
	EndProjectSection
EndProject
Project("{8BC9CEB8-8B4A-11D0-8D11-00A0C91BC942}") = "INSTALL", "INSTALL.vcxproj", "{4CB5BC1A-F642-3A0E-A8AA-23C0CDB7D334}"
	ProjectSection(ProjectDependencies) = postProject
		{98B82448-0FF0-3A7D-AE36-EB7810273615} = {98B82448-0FF0-3A7D-AE36-EB7810273615}
		{F1EA8FC2-6EFB-3C74-8AD4-C5946FD23548} = {F1EA8FC2-6EFB-3C74-8AD4-C5946FD23548}
	EndProjectSection
EndProject
Project("{8BC9CEB8-8B4A-11D0-8D11-00A0C91BC942}") = "ZERO_CHECK", "ZERO_CHECK.vcxproj", "{F1EA8FC2-6EFB-3C74-8AD4-C5946FD23548}"
	ProjectSection(ProjectDependencies) = postProject
	EndProjectSection
EndProject
Project("{8BC9CEB8-8B4A-11D0-8D11-00A0C91BC942}") = "boing", "examples\boing.vcxproj", "{6F105204-3F7E-36F4-B977-5E95ED209464}"
	ProjectSection(ProjectDependencies) = postProject
		{F1EA8FC2-6EFB-3C74-8AD4-C5946FD23548} = {F1EA8FC2-6EFB-3C74-8AD4-C5946FD23548}
		{792C31FE-AC6F-32FA-AE0D-E8268F2E1A5E} = {792C31FE-AC6F-32FA-AE0D-E8268F2E1A5E}
	EndProjectSection
EndProject
Project("{8BC9CEB8-8B4A-11D0-8D11-00A0C91BC942}") = "clipboard", "tests\clipboard.vcxproj", "{E4B160BF-24F0-3595-B63A-23F90BD85F91}"
	ProjectSection(ProjectDependencies) = postProject
		{F1EA8FC2-6EFB-3C74-8AD4-C5946FD23548} = {F1EA8FC2-6EFB-3C74-8AD4-C5946FD23548}
		{792C31FE-AC6F-32FA-AE0D-E8268F2E1A5E} = {792C31FE-AC6F-32FA-AE0D-E8268F2E1A5E}
	EndProjectSection
EndProject
Project("{8BC9CEB8-8B4A-11D0-8D11-00A0C91BC942}") = "cursor", "tests\cursor.vcxproj", "{08572D39-B755-379F-855D-9971C850C5AF}"
	ProjectSection(ProjectDependencies) = postProject
		{F1EA8FC2-6EFB-3C74-8AD4-C5946FD23548} = {F1EA8FC2-6EFB-3C74-8AD4-C5946FD23548}
		{792C31FE-AC6F-32FA-AE0D-E8268F2E1A5E} = {792C31FE-AC6F-32FA-AE0D-E8268F2E1A5E}
	EndProjectSection
EndProject
Project("{8BC9CEB8-8B4A-11D0-8D11-00A0C91BC942}") = "docs", "docs\docs.vcxproj", "{45159B76-3350-365A-BC5C-12A03C567983}"
	ProjectSection(ProjectDependencies) = postProject
		{F1EA8FC2-6EFB-3C74-8AD4-C5946FD23548} = {F1EA8FC2-6EFB-3C74-8AD4-C5946FD23548}
	EndProjectSection
EndProject
Project("{8BC9CEB8-8B4A-11D0-8D11-00A0C91BC942}") = "empty", "tests\empty.vcxproj", "{605278E2-31A0-3A4B-9C6E-7C9CF2BCCC6E}"
	ProjectSection(ProjectDependencies) = postProject
		{F1EA8FC2-6EFB-3C74-8AD4-C5946FD23548} = {F1EA8FC2-6EFB-3C74-8AD4-C5946FD23548}
		{792C31FE-AC6F-32FA-AE0D-E8268F2E1A5E} = {792C31FE-AC6F-32FA-AE0D-E8268F2E1A5E}
	EndProjectSection
EndProject
Project("{8BC9CEB8-8B4A-11D0-8D11-00A0C91BC942}") = "events", "tests\events.vcxproj", "{BD63E939-0D9D-3064-871C-62C492E51326}"
	ProjectSection(ProjectDependencies) = postProject
		{F1EA8FC2-6EFB-3C74-8AD4-C5946FD23548} = {F1EA8FC2-6EFB-3C74-8AD4-C5946FD23548}
		{792C31FE-AC6F-32FA-AE0D-E8268F2E1A5E} = {792C31FE-AC6F-32FA-AE0D-E8268F2E1A5E}
	EndProjectSection
EndProject
Project("{8BC9CEB8-8B4A-11D0-8D11-00A0C91BC942}") = "gamma", "tests\gamma.vcxproj", "{38B49F90-BCF3-3830-B3D3-849C93FF79EB}"
	ProjectSection(ProjectDependencies) = postProject
		{F1EA8FC2-6EFB-3C74-8AD4-C5946FD23548} = {F1EA8FC2-6EFB-3C74-8AD4-C5946FD23548}
		{792C31FE-AC6F-32FA-AE0D-E8268F2E1A5E} = {792C31FE-AC6F-32FA-AE0D-E8268F2E1A5E}
	EndProjectSection
EndProject
Project("{8BC9CEB8-8B4A-11D0-8D11-00A0C91BC942}") = "gears", "examples\gears.vcxproj", "{F671A3FF-0C03-3DF9-B103-CAF7F61964CD}"
	ProjectSection(ProjectDependencies) = postProject
		{F1EA8FC2-6EFB-3C74-8AD4-C5946FD23548} = {F1EA8FC2-6EFB-3C74-8AD4-C5946FD23548}
		{792C31FE-AC6F-32FA-AE0D-E8268F2E1A5E} = {792C31FE-AC6F-32FA-AE0D-E8268F2E1A5E}
	EndProjectSection
EndProject
Project("{8BC9CEB8-8B4A-11D0-8D11-00A0C91BC942}") = "glfw", "src\glfw.vcxproj", "{792C31FE-AC6F-32FA-AE0D-E8268F2E1A5E}"
	ProjectSection(ProjectDependencies) = postProject
		{F1EA8FC2-6EFB-3C74-8AD4-C5946FD23548} = {F1EA8FC2-6EFB-3C74-8AD4-C5946FD23548}
	EndProjectSection
EndProject
Project("{8BC9CEB8-8B4A-11D0-8D11-00A0C91BC942}") = "glfwinfo", "tests\glfwinfo.vcxproj", "{78BE2D10-DD2B-304A-818D-B8A009A43A3C}"
	ProjectSection(ProjectDependencies) = postProject
		{F1EA8FC2-6EFB-3C74-8AD4-C5946FD23548} = {F1EA8FC2-6EFB-3C74-8AD4-C5946FD23548}
		{792C31FE-AC6F-32FA-AE0D-E8268F2E1A5E} = {792C31FE-AC6F-32FA-AE0D-E8268F2E1A5E}
	EndProjectSection
EndProject
Project("{8BC9CEB8-8B4A-11D0-8D11-00A0C91BC942}") = "heightmap", "examples\heightmap.vcxproj", "{E67B952E-7F9F-3470-AF7F-1DB844C380D0}"
	ProjectSection(ProjectDependencies) = postProject
		{F1EA8FC2-6EFB-3C74-8AD4-C5946FD23548} = {F1EA8FC2-6EFB-3C74-8AD4-C5946FD23548}
		{792C31FE-AC6F-32FA-AE0D-E8268F2E1A5E} = {792C31FE-AC6F-32FA-AE0D-E8268F2E1A5E}
	EndProjectSection
EndProject
Project("{8BC9CEB8-8B4A-11D0-8D11-00A0C91BC942}") = "icon", "tests\icon.vcxproj", "{BE4CF4A2-CF68-34DD-B180-D3AB0569925F}"
	ProjectSection(ProjectDependencies) = postProject
		{F1EA8FC2-6EFB-3C74-8AD4-C5946FD23548} = {F1EA8FC2-6EFB-3C74-8AD4-C5946FD23548}
		{792C31FE-AC6F-32FA-AE0D-E8268F2E1A5E} = {792C31FE-AC6F-32FA-AE0D-E8268F2E1A5E}
	EndProjectSection
EndProject
Project("{8BC9CEB8-8B4A-11D0-8D11-00A0C91BC942}") = "iconify", "tests\iconify.vcxproj", "{35CD18FA-DFF5-3DFF-9381-3D837C65D362}"
	ProjectSection(ProjectDependencies) = postProject
		{F1EA8FC2-6EFB-3C74-8AD4-C5946FD23548} = {F1EA8FC2-6EFB-3C74-8AD4-C5946FD23548}
		{792C31FE-AC6F-32FA-AE0D-E8268F2E1A5E} = {792C31FE-AC6F-32FA-AE0D-E8268F2E1A5E}
	EndProjectSection
EndProject
Project("{8BC9CEB8-8B4A-11D0-8D11-00A0C91BC942}") = "joysticks", "tests\joysticks.vcxproj", "{AF92643B-E51F-3387-9068-97509013496D}"
	ProjectSection(ProjectDependencies) = postProject
		{F1EA8FC2-6EFB-3C74-8AD4-C5946FD23548} = {F1EA8FC2-6EFB-3C74-8AD4-C5946FD23548}
		{792C31FE-AC6F-32FA-AE0D-E8268F2E1A5E} = {792C31FE-AC6F-32FA-AE0D-E8268F2E1A5E}
	EndProjectSection
EndProject
Project("{8BC9CEB8-8B4A-11D0-8D11-00A0C91BC942}") = "monitors", "tests\monitors.vcxproj", "{438A8CA0-DC88-303B-A034-4A4DBC382D58}"
	ProjectSection(ProjectDependencies) = postProject
		{F1EA8FC2-6EFB-3C74-8AD4-C5946FD23548} = {F1EA8FC2-6EFB-3C74-8AD4-C5946FD23548}
		{792C31FE-AC6F-32FA-AE0D-E8268F2E1A5E} = {792C31FE-AC6F-32FA-AE0D-E8268F2E1A5E}
	EndProjectSection
EndProject
Project("{8BC9CEB8-8B4A-11D0-8D11-00A0C91BC942}") = "msaa", "tests\msaa.vcxproj", "{678511EA-865B-362A-960F-AAA38EDCFC00}"
	ProjectSection(ProjectDependencies) = postProject
		{F1EA8FC2-6EFB-3C74-8AD4-C5946FD23548} = {F1EA8FC2-6EFB-3C74-8AD4-C5946FD23548}
		{792C31FE-AC6F-32FA-AE0D-E8268F2E1A5E} = {792C31FE-AC6F-32FA-AE0D-E8268F2E1A5E}
	EndProjectSection
EndProject
Project("{8BC9CEB8-8B4A-11D0-8D11-00A0C91BC942}") = "particles", "examples\particles.vcxproj", "{0CDA9BC3-DBA3-315F-B2A3-9A0D51BFBA03}"
	ProjectSection(ProjectDependencies) = postProject
		{F1EA8FC2-6EFB-3C74-8AD4-C5946FD23548} = {F1EA8FC2-6EFB-3C74-8AD4-C5946FD23548}
		{792C31FE-AC6F-32FA-AE0D-E8268F2E1A5E} = {792C31FE-AC6F-32FA-AE0D-E8268F2E1A5E}
	EndProjectSection
EndProject
Project("{8BC9CEB8-8B4A-11D0-8D11-00A0C91BC942}") = "reopen", "tests\reopen.vcxproj", "{E6D7B684-93A4-3D8E-B82C-5542AC91BE4A}"
	ProjectSection(ProjectDependencies) = postProject
		{F1EA8FC2-6EFB-3C74-8AD4-C5946FD23548} = {F1EA8FC2-6EFB-3C74-8AD4-C5946FD23548}
		{792C31FE-AC6F-32FA-AE0D-E8268F2E1A5E} = {792C31FE-AC6F-32FA-AE0D-E8268F2E1A5E}
	EndProjectSection
EndProject
Project("{8BC9CEB8-8B4A-11D0-8D11-00A0C91BC942}") = "sharing", "tests\sharing.vcxproj", "{6FC8449A-5DC1-3662-945B-F21CBD7115FC}"
	ProjectSection(ProjectDependencies) = postProject
		{F1EA8FC2-6EFB-3C74-8AD4-C5946FD23548} = {F1EA8FC2-6EFB-3C74-8AD4-C5946FD23548}
		{792C31FE-AC6F-32FA-AE0D-E8268F2E1A5E} = {792C31FE-AC6F-32FA-AE0D-E8268F2E1A5E}
	EndProjectSection
EndProject
Project("{8BC9CEB8-8B4A-11D0-8D11-00A0C91BC942}") = "simple", "examples\simple.vcxproj", "{3DA8786C-02C4-3116-B802-FF0AD4FB5E06}"
	ProjectSection(ProjectDependencies) = postProject
		{F1EA8FC2-6EFB-3C74-8AD4-C5946FD23548} = {F1EA8FC2-6EFB-3C74-8AD4-C5946FD23548}
		{792C31FE-AC6F-32FA-AE0D-E8268F2E1A5E} = {792C31FE-AC6F-32FA-AE0D-E8268F2E1A5E}
	EndProjectSection
EndProject
Project("{8BC9CEB8-8B4A-11D0-8D11-00A0C91BC942}") = "splitview", "examples\splitview.vcxproj", "{45045F60-5C3D-3668-B4F3-33851F3A76BB}"
	ProjectSection(ProjectDependencies) = postProject
		{F1EA8FC2-6EFB-3C74-8AD4-C5946FD23548} = {F1EA8FC2-6EFB-3C74-8AD4-C5946FD23548}
		{792C31FE-AC6F-32FA-AE0D-E8268F2E1A5E} = {792C31FE-AC6F-32FA-AE0D-E8268F2E1A5E}
	EndProjectSection
EndProject
Project("{8BC9CEB8-8B4A-11D0-8D11-00A0C91BC942}") = "tearing", "tests\tearing.vcxproj", "{FB9EC2FD-6366-3096-8ADF-829E17F6E0AB}"
	ProjectSection(ProjectDependencies) = postProject
		{F1EA8FC2-6EFB-3C74-8AD4-C5946FD23548} = {F1EA8FC2-6EFB-3C74-8AD4-C5946FD23548}
		{792C31FE-AC6F-32FA-AE0D-E8268F2E1A5E} = {792C31FE-AC6F-32FA-AE0D-E8268F2E1A5E}
	EndProjectSection
EndProject
Project("{8BC9CEB8-8B4A-11D0-8D11-00A0C91BC942}") = "threads", "tests\threads.vcxproj", "{CC91D32C-845E-3F2F-BD51-11D511C626EB}"
	ProjectSection(ProjectDependencies) = postProject
		{F1EA8FC2-6EFB-3C74-8AD4-C5946FD23548} = {F1EA8FC2-6EFB-3C74-8AD4-C5946FD23548}
		{792C31FE-AC6F-32FA-AE0D-E8268F2E1A5E} = {792C31FE-AC6F-32FA-AE0D-E8268F2E1A5E}
	EndProjectSection
EndProject
Project("{8BC9CEB8-8B4A-11D0-8D11-00A0C91BC942}") = "timeout", "tests\timeout.vcxproj", "{8A8B0D85-529C-3703-AFEF-66D86AC59128}"
	ProjectSection(ProjectDependencies) = postProject
		{F1EA8FC2-6EFB-3C74-8AD4-C5946FD23548} = {F1EA8FC2-6EFB-3C74-8AD4-C5946FD23548}
		{792C31FE-AC6F-32FA-AE0D-E8268F2E1A5E} = {792C31FE-AC6F-32FA-AE0D-E8268F2E1A5E}
	EndProjectSection
EndProject
Project("{8BC9CEB8-8B4A-11D0-8D11-00A0C91BC942}") = "title", "tests\title.vcxproj", "{FC4A0C9A-F549-3774-9722-19A435927442}"
	ProjectSection(ProjectDependencies) = postProject
		{F1EA8FC2-6EFB-3C74-8AD4-C5946FD23548} = {F1EA8FC2-6EFB-3C74-8AD4-C5946FD23548}
		{792C31FE-AC6F-32FA-AE0D-E8268F2E1A5E} = {792C31FE-AC6F-32FA-AE0D-E8268F2E1A5E}
	EndProjectSection
EndProject
Project("{8BC9CEB8-8B4A-11D0-8D11-00A0C91BC942}") = "uninstall", "uninstall.vcxproj", "{7D3B8334-8FFF-3715-92EA-250FD2CFCF49}"
	ProjectSection(ProjectDependencies) = postProject
		{F1EA8FC2-6EFB-3C74-8AD4-C5946FD23548} = {F1EA8FC2-6EFB-3C74-8AD4-C5946FD23548}
	EndProjectSection
EndProject
Project("{8BC9CEB8-8B4A-11D0-8D11-00A0C91BC942}") = "wave", "examples\wave.vcxproj", "{3204EFAF-68B0-395F-AFCC-C4F3C9C09768}"
	ProjectSection(ProjectDependencies) = postProject
		{F1EA8FC2-6EFB-3C74-8AD4-C5946FD23548} = {F1EA8FC2-6EFB-3C74-8AD4-C5946FD23548}
		{792C31FE-AC6F-32FA-AE0D-E8268F2E1A5E} = {792C31FE-AC6F-32FA-AE0D-E8268F2E1A5E}
	EndProjectSection
EndProject
Project("{8BC9CEB8-8B4A-11D0-8D11-00A0C91BC942}") = "windows", "tests\windows.vcxproj", "{AAF302E2-7ED0-3B9E-8A17-F4B5310F381C}"
	ProjectSection(ProjectDependencies) = postProject
		{F1EA8FC2-6EFB-3C74-8AD4-C5946FD23548} = {F1EA8FC2-6EFB-3C74-8AD4-C5946FD23548}
		{792C31FE-AC6F-32FA-AE0D-E8268F2E1A5E} = {792C31FE-AC6F-32FA-AE0D-E8268F2E1A5E}
	EndProjectSection
EndProject
Global
	GlobalSection(SolutionConfigurationPlatforms) = preSolution
		Debug|Win32 = Debug|Win32
		Release|Win32 = Release|Win32
		MinSizeRel|Win32 = MinSizeRel|Win32
		RelWithDebInfo|Win32 = RelWithDebInfo|Win32
	EndGlobalSection
	GlobalSection(ProjectConfigurationPlatforms) = postSolution
		{98B82448-0FF0-3A7D-AE36-EB7810273615}.Debug|Win32.ActiveCfg = Debug|Win32
		{98B82448-0FF0-3A7D-AE36-EB7810273615}.Debug|Win32.Build.0 = Debug|Win32
		{98B82448-0FF0-3A7D-AE36-EB7810273615}.Release|Win32.ActiveCfg = Release|Win32
		{98B82448-0FF0-3A7D-AE36-EB7810273615}.Release|Win32.Build.0 = Release|Win32
		{98B82448-0FF0-3A7D-AE36-EB7810273615}.MinSizeRel|Win32.ActiveCfg = MinSizeRel|Win32
		{98B82448-0FF0-3A7D-AE36-EB7810273615}.MinSizeRel|Win32.Build.0 = MinSizeRel|Win32
		{98B82448-0FF0-3A7D-AE36-EB7810273615}.RelWithDebInfo|Win32.ActiveCfg = RelWithDebInfo|Win32
		{98B82448-0FF0-3A7D-AE36-EB7810273615}.RelWithDebInfo|Win32.Build.0 = RelWithDebInfo|Win32
		{4CB5BC1A-F642-3A0E-A8AA-23C0CDB7D334}.Debug|Win32.ActiveCfg = Debug|Win32
		{4CB5BC1A-F642-3A0E-A8AA-23C0CDB7D334}.Release|Win32.ActiveCfg = Release|Win32
		{4CB5BC1A-F642-3A0E-A8AA-23C0CDB7D334}.MinSizeRel|Win32.ActiveCfg = MinSizeRel|Win32
		{4CB5BC1A-F642-3A0E-A8AA-23C0CDB7D334}.RelWithDebInfo|Win32.ActiveCfg = RelWithDebInfo|Win32
		{F1EA8FC2-6EFB-3C74-8AD4-C5946FD23548}.Debug|Win32.ActiveCfg = Debug|Win32
		{F1EA8FC2-6EFB-3C74-8AD4-C5946FD23548}.Debug|Win32.Build.0 = Debug|Win32
		{F1EA8FC2-6EFB-3C74-8AD4-C5946FD23548}.Release|Win32.ActiveCfg = Release|Win32
		{F1EA8FC2-6EFB-3C74-8AD4-C5946FD23548}.Release|Win32.Build.0 = Release|Win32
		{F1EA8FC2-6EFB-3C74-8AD4-C5946FD23548}.MinSizeRel|Win32.ActiveCfg = MinSizeRel|Win32
		{F1EA8FC2-6EFB-3C74-8AD4-C5946FD23548}.MinSizeRel|Win32.Build.0 = MinSizeRel|Win32
		{F1EA8FC2-6EFB-3C74-8AD4-C5946FD23548}.RelWithDebInfo|Win32.ActiveCfg = RelWithDebInfo|Win32
		{F1EA8FC2-6EFB-3C74-8AD4-C5946FD23548}.RelWithDebInfo|Win32.Build.0 = RelWithDebInfo|Win32
		{6F105204-3F7E-36F4-B977-5E95ED209464}.Debug|Win32.ActiveCfg = Debug|Win32
		{6F105204-3F7E-36F4-B977-5E95ED209464}.Debug|Win32.Build.0 = Debug|Win32
		{6F105204-3F7E-36F4-B977-5E95ED209464}.Release|Win32.ActiveCfg = Release|Win32
		{6F105204-3F7E-36F4-B977-5E95ED209464}.Release|Win32.Build.0 = Release|Win32
		{6F105204-3F7E-36F4-B977-5E95ED209464}.MinSizeRel|Win32.ActiveCfg = MinSizeRel|Win32
		{6F105204-3F7E-36F4-B977-5E95ED209464}.MinSizeRel|Win32.Build.0 = MinSizeRel|Win32
		{6F105204-3F7E-36F4-B977-5E95ED209464}.RelWithDebInfo|Win32.ActiveCfg = RelWithDebInfo|Win32
		{6F105204-3F7E-36F4-B977-5E95ED209464}.RelWithDebInfo|Win32.Build.0 = RelWithDebInfo|Win32
		{E4B160BF-24F0-3595-B63A-23F90BD85F91}.Debug|Win32.ActiveCfg = Debug|Win32
		{E4B160BF-24F0-3595-B63A-23F90BD85F91}.Debug|Win32.Build.0 = Debug|Win32
		{E4B160BF-24F0-3595-B63A-23F90BD85F91}.Release|Win32.ActiveCfg = Release|Win32
		{E4B160BF-24F0-3595-B63A-23F90BD85F91}.Release|Win32.Build.0 = Release|Win32
		{E4B160BF-24F0-3595-B63A-23F90BD85F91}.MinSizeRel|Win32.ActiveCfg = MinSizeRel|Win32
		{E4B160BF-24F0-3595-B63A-23F90BD85F91}.MinSizeRel|Win32.Build.0 = MinSizeRel|Win32
		{E4B160BF-24F0-3595-B63A-23F90BD85F91}.RelWithDebInfo|Win32.ActiveCfg = RelWithDebInfo|Win32
		{E4B160BF-24F0-3595-B63A-23F90BD85F91}.RelWithDebInfo|Win32.Build.0 = RelWithDebInfo|Win32
		{08572D39-B755-379F-855D-9971C850C5AF}.Debug|Win32.ActiveCfg = Debug|Win32
		{08572D39-B755-379F-855D-9971C850C5AF}.Debug|Win32.Build.0 = Debug|Win32
		{08572D39-B755-379F-855D-9971C850C5AF}.Release|Win32.ActiveCfg = Release|Win32
		{08572D39-B755-379F-855D-9971C850C5AF}.Release|Win32.Build.0 = Release|Win32
		{08572D39-B755-379F-855D-9971C850C5AF}.MinSizeRel|Win32.ActiveCfg = MinSizeRel|Win32
		{08572D39-B755-379F-855D-9971C850C5AF}.MinSizeRel|Win32.Build.0 = MinSizeRel|Win32
		{08572D39-B755-379F-855D-9971C850C5AF}.RelWithDebInfo|Win32.ActiveCfg = RelWithDebInfo|Win32
		{08572D39-B755-379F-855D-9971C850C5AF}.RelWithDebInfo|Win32.Build.0 = RelWithDebInfo|Win32
		{45159B76-3350-365A-BC5C-12A03C567983}.Debug|Win32.ActiveCfg = Debug|Win32
		{45159B76-3350-365A-BC5C-12A03C567983}.Debug|Win32.Build.0 = Debug|Win32
		{45159B76-3350-365A-BC5C-12A03C567983}.Release|Win32.ActiveCfg = Release|Win32
		{45159B76-3350-365A-BC5C-12A03C567983}.Release|Win32.Build.0 = Release|Win32
		{45159B76-3350-365A-BC5C-12A03C567983}.MinSizeRel|Win32.ActiveCfg = MinSizeRel|Win32
		{45159B76-3350-365A-BC5C-12A03C567983}.MinSizeRel|Win32.Build.0 = MinSizeRel|Win32
		{45159B76-3350-365A-BC5C-12A03C567983}.RelWithDebInfo|Win32.ActiveCfg = RelWithDebInfo|Win32
		{45159B76-3350-365A-BC5C-12A03C567983}.RelWithDebInfo|Win32.Build.0 = RelWithDebInfo|Win32
		{605278E2-31A0-3A4B-9C6E-7C9CF2BCCC6E}.Debug|Win32.ActiveCfg = Debug|Win32
		{605278E2-31A0-3A4B-9C6E-7C9CF2BCCC6E}.Debug|Win32.Build.0 = Debug|Win32
		{605278E2-31A0-3A4B-9C6E-7C9CF2BCCC6E}.Release|Win32.ActiveCfg = Release|Win32
		{605278E2-31A0-3A4B-9C6E-7C9CF2BCCC6E}.Release|Win32.Build.0 = Release|Win32
		{605278E2-31A0-3A4B-9C6E-7C9CF2BCCC6E}.MinSizeRel|Win32.ActiveCfg = MinSizeRel|Win32
		{605278E2-31A0-3A4B-9C6E-7C9CF2BCCC6E}.MinSizeRel|Win32.Build.0 = MinSizeRel|Win32
		{605278E2-31A0-3A4B-9C6E-7C9CF2BCCC6E}.RelWithDebInfo|Win32.ActiveCfg = RelWithDebInfo|Win32
		{605278E2-31A0-3A4B-9C6E-7C9CF2BCCC6E}.RelWithDebInfo|Win32.Build.0 = RelWithDebInfo|Win32
		{BD63E939-0D9D-3064-871C-62C492E51326}.Debug|Win32.ActiveCfg = Debug|Win32
		{BD63E939-0D9D-3064-871C-62C492E51326}.Debug|Win32.Build.0 = Debug|Win32
		{BD63E939-0D9D-3064-871C-62C492E51326}.Release|Win32.ActiveCfg = Release|Win32
		{BD63E939-0D9D-3064-871C-62C492E51326}.Release|Win32.Build.0 = Release|Win32
		{BD63E939-0D9D-3064-871C-62C492E51326}.MinSizeRel|Win32.ActiveCfg = MinSizeRel|Win32
		{BD63E939-0D9D-3064-871C-62C492E51326}.MinSizeRel|Win32.Build.0 = MinSizeRel|Win32
		{BD63E939-0D9D-3064-871C-62C492E51326}.RelWithDebInfo|Win32.ActiveCfg = RelWithDebInfo|Win32
		{BD63E939-0D9D-3064-871C-62C492E51326}.RelWithDebInfo|Win32.Build.0 = RelWithDebInfo|Win32
		{38B49F90-BCF3-3830-B3D3-849C93FF79EB}.Debug|Win32.ActiveCfg = Debug|Win32
		{38B49F90-BCF3-3830-B3D3-849C93FF79EB}.Debug|Win32.Build.0 = Debug|Win32
		{38B49F90-BCF3-3830-B3D3-849C93FF79EB}.Release|Win32.ActiveCfg = Release|Win32
		{38B49F90-BCF3-3830-B3D3-849C93FF79EB}.Release|Win32.Build.0 = Release|Win32
		{38B49F90-BCF3-3830-B3D3-849C93FF79EB}.MinSizeRel|Win32.ActiveCfg = MinSizeRel|Win32
		{38B49F90-BCF3-3830-B3D3-849C93FF79EB}.MinSizeRel|Win32.Build.0 = MinSizeRel|Win32
		{38B49F90-BCF3-3830-B3D3-849C93FF79EB}.RelWithDebInfo|Win32.ActiveCfg = RelWithDebInfo|Win32
		{38B49F90-BCF3-3830-B3D3-849C93FF79EB}.RelWithDebInfo|Win32.Build.0 = RelWithDebInfo|Win32
		{F671A3FF-0C03-3DF9-B103-CAF7F61964CD}.Debug|Win32.ActiveCfg = Debug|Win32
		{F671A3FF-0C03-3DF9-B103-CAF7F61964CD}.Debug|Win32.Build.0 = Debug|Win32
		{F671A3FF-0C03-3DF9-B103-CAF7F61964CD}.Release|Win32.ActiveCfg = Release|Win32
		{F671A3FF-0C03-3DF9-B103-CAF7F61964CD}.Release|Win32.Build.0 = Release|Win32
		{F671A3FF-0C03-3DF9-B103-CAF7F61964CD}.MinSizeRel|Win32.ActiveCfg = MinSizeRel|Win32
		{F671A3FF-0C03-3DF9-B103-CAF7F61964CD}.MinSizeRel|Win32.Build.0 = MinSizeRel|Win32
		{F671A3FF-0C03-3DF9-B103-CAF7F61964CD}.RelWithDebInfo|Win32.ActiveCfg = RelWithDebInfo|Win32
		{F671A3FF-0C03-3DF9-B103-CAF7F61964CD}.RelWithDebInfo|Win32.Build.0 = RelWithDebInfo|Win32
		{792C31FE-AC6F-32FA-AE0D-E8268F2E1A5E}.Debug|Win32.ActiveCfg = Debug|Win32
		{792C31FE-AC6F-32FA-AE0D-E8268F2E1A5E}.Debug|Win32.Build.0 = Debug|Win32
		{792C31FE-AC6F-32FA-AE0D-E8268F2E1A5E}.Release|Win32.ActiveCfg = Release|Win32
		{792C31FE-AC6F-32FA-AE0D-E8268F2E1A5E}.Release|Win32.Build.0 = Release|Win32
		{792C31FE-AC6F-32FA-AE0D-E8268F2E1A5E}.MinSizeRel|Win32.ActiveCfg = MinSizeRel|Win32
		{792C31FE-AC6F-32FA-AE0D-E8268F2E1A5E}.MinSizeRel|Win32.Build.0 = MinSizeRel|Win32
		{792C31FE-AC6F-32FA-AE0D-E8268F2E1A5E}.RelWithDebInfo|Win32.ActiveCfg = RelWithDebInfo|Win32
		{792C31FE-AC6F-32FA-AE0D-E8268F2E1A5E}.RelWithDebInfo|Win32.Build.0 = RelWithDebInfo|Win32
		{78BE2D10-DD2B-304A-818D-B8A009A43A3C}.Debug|Win32.ActiveCfg = Debug|Win32
		{78BE2D10-DD2B-304A-818D-B8A009A43A3C}.Debug|Win32.Build.0 = Debug|Win32
		{78BE2D10-DD2B-304A-818D-B8A009A43A3C}.Release|Win32.ActiveCfg = Release|Win32
		{78BE2D10-DD2B-304A-818D-B8A009A43A3C}.Release|Win32.Build.0 = Release|Win32
		{78BE2D10-DD2B-304A-818D-B8A009A43A3C}.MinSizeRel|Win32.ActiveCfg = MinSizeRel|Win32
		{78BE2D10-DD2B-304A-818D-B8A009A43A3C}.MinSizeRel|Win32.Build.0 = MinSizeRel|Win32
		{78BE2D10-DD2B-304A-818D-B8A009A43A3C}.RelWithDebInfo|Win32.ActiveCfg = RelWithDebInfo|Win32
		{78BE2D10-DD2B-304A-818D-B8A009A43A3C}.RelWithDebInfo|Win32.Build.0 = RelWithDebInfo|Win32
		{E67B952E-7F9F-3470-AF7F-1DB844C380D0}.Debug|Win32.ActiveCfg = Debug|Win32
		{E67B952E-7F9F-3470-AF7F-1DB844C380D0}.Debug|Win32.Build.0 = Debug|Win32
		{E67B952E-7F9F-3470-AF7F-1DB844C380D0}.Release|Win32.ActiveCfg = Release|Win32
		{E67B952E-7F9F-3470-AF7F-1DB844C380D0}.Release|Win32.Build.0 = Release|Win32
		{E67B952E-7F9F-3470-AF7F-1DB844C380D0}.MinSizeRel|Win32.ActiveCfg = MinSizeRel|Win32
		{E67B952E-7F9F-3470-AF7F-1DB844C380D0}.MinSizeRel|Win32.Build.0 = MinSizeRel|Win32
		{E67B952E-7F9F-3470-AF7F-1DB844C380D0}.RelWithDebInfo|Win32.ActiveCfg = RelWithDebInfo|Win32
		{E67B952E-7F9F-3470-AF7F-1DB844C380D0}.RelWithDebInfo|Win32.Build.0 = RelWithDebInfo|Win32
		{BE4CF4A2-CF68-34DD-B180-D3AB0569925F}.Debug|Win32.ActiveCfg = Debug|Win32
		{BE4CF4A2-CF68-34DD-B180-D3AB0569925F}.Debug|Win32.Build.0 = Debug|Win32
		{BE4CF4A2-CF68-34DD-B180-D3AB0569925F}.Release|Win32.ActiveCfg = Release|Win32
		{BE4CF4A2-CF68-34DD-B180-D3AB0569925F}.Release|Win32.Build.0 = Release|Win32
		{BE4CF4A2-CF68-34DD-B180-D3AB0569925F}.MinSizeRel|Win32.ActiveCfg = MinSizeRel|Win32
		{BE4CF4A2-CF68-34DD-B180-D3AB0569925F}.MinSizeRel|Win32.Build.0 = MinSizeRel|Win32
		{BE4CF4A2-CF68-34DD-B180-D3AB0569925F}.RelWithDebInfo|Win32.ActiveCfg = RelWithDebInfo|Win32
		{BE4CF4A2-CF68-34DD-B180-D3AB0569925F}.RelWithDebInfo|Win32.Build.0 = RelWithDebInfo|Win32
		{35CD18FA-DFF5-3DFF-9381-3D837C65D362}.Debug|Win32.ActiveCfg = Debug|Win32
		{35CD18FA-DFF5-3DFF-9381-3D837C65D362}.Debug|Win32.Build.0 = Debug|Win32
		{35CD18FA-DFF5-3DFF-9381-3D837C65D362}.Release|Win32.ActiveCfg = Release|Win32
		{35CD18FA-DFF5-3DFF-9381-3D837C65D362}.Release|Win32.Build.0 = Release|Win32
		{35CD18FA-DFF5-3DFF-9381-3D837C65D362}.MinSizeRel|Win32.ActiveCfg = MinSizeRel|Win32
		{35CD18FA-DFF5-3DFF-9381-3D837C65D362}.MinSizeRel|Win32.Build.0 = MinSizeRel|Win32
		{35CD18FA-DFF5-3DFF-9381-3D837C65D362}.RelWithDebInfo|Win32.ActiveCfg = RelWithDebInfo|Win32
		{35CD18FA-DFF5-3DFF-9381-3D837C65D362}.RelWithDebInfo|Win32.Build.0 = RelWithDebInfo|Win32
		{AF92643B-E51F-3387-9068-97509013496D}.Debug|Win32.ActiveCfg = Debug|Win32
		{AF92643B-E51F-3387-9068-97509013496D}.Debug|Win32.Build.0 = Debug|Win32
		{AF92643B-E51F-3387-9068-97509013496D}.Release|Win32.ActiveCfg = Release|Win32
		{AF92643B-E51F-3387-9068-97509013496D}.Release|Win32.Build.0 = Release|Win32
		{AF92643B-E51F-3387-9068-97509013496D}.MinSizeRel|Win32.ActiveCfg = MinSizeRel|Win32
		{AF92643B-E51F-3387-9068-97509013496D}.MinSizeRel|Win32.Build.0 = MinSizeRel|Win32
		{AF92643B-E51F-3387-9068-97509013496D}.RelWithDebInfo|Win32.ActiveCfg = RelWithDebInfo|Win32
		{AF92643B-E51F-3387-9068-97509013496D}.RelWithDebInfo|Win32.Build.0 = RelWithDebInfo|Win32
		{438A8CA0-DC88-303B-A034-4A4DBC382D58}.Debug|Win32.ActiveCfg = Debug|Win32
		{438A8CA0-DC88-303B-A034-4A4DBC382D58}.Debug|Win32.Build.0 = Debug|Win32
		{438A8CA0-DC88-303B-A034-4A4DBC382D58}.Release|Win32.ActiveCfg = Release|Win32
		{438A8CA0-DC88-303B-A034-4A4DBC382D58}.Release|Win32.Build.0 = Release|Win32
		{438A8CA0-DC88-303B-A034-4A4DBC382D58}.MinSizeRel|Win32.ActiveCfg = MinSizeRel|Win32
		{438A8CA0-DC88-303B-A034-4A4DBC382D58}.MinSizeRel|Win32.Build.0 = MinSizeRel|Win32
		{438A8CA0-DC88-303B-A034-4A4DBC382D58}.RelWithDebInfo|Win32.ActiveCfg = RelWithDebInfo|Win32
		{438A8CA0-DC88-303B-A034-4A4DBC382D58}.RelWithDebInfo|Win32.Build.0 = RelWithDebInfo|Win32
		{678511EA-865B-362A-960F-AAA38EDCFC00}.Debug|Win32.ActiveCfg = Debug|Win32
		{678511EA-865B-362A-960F-AAA38EDCFC00}.Debug|Win32.Build.0 = Debug|Win32
		{678511EA-865B-362A-960F-AAA38EDCFC00}.Release|Win32.ActiveCfg = Release|Win32
		{678511EA-865B-362A-960F-AAA38EDCFC00}.Release|Win32.Build.0 = Release|Win32
		{678511EA-865B-362A-960F-AAA38EDCFC00}.MinSizeRel|Win32.ActiveCfg = MinSizeRel|Win32
		{678511EA-865B-362A-960F-AAA38EDCFC00}.MinSizeRel|Win32.Build.0 = MinSizeRel|Win32
		{678511EA-865B-362A-960F-AAA38EDCFC00}.RelWithDebInfo|Win32.ActiveCfg = RelWithDebInfo|Win32
		{678511EA-865B-362A-960F-AAA38EDCFC00}.RelWithDebInfo|Win32.Build.0 = RelWithDebInfo|Win32
		{0CDA9BC3-DBA3-315F-B2A3-9A0D51BFBA03}.Debug|Win32.ActiveCfg = Debug|Win32
		{0CDA9BC3-DBA3-315F-B2A3-9A0D51BFBA03}.Debug|Win32.Build.0 = Debug|Win32
		{0CDA9BC3-DBA3-315F-B2A3-9A0D51BFBA03}.Release|Win32.ActiveCfg = Release|Win32
		{0CDA9BC3-DBA3-315F-B2A3-9A0D51BFBA03}.Release|Win32.Build.0 = Release|Win32
		{0CDA9BC3-DBA3-315F-B2A3-9A0D51BFBA03}.MinSizeRel|Win32.ActiveCfg = MinSizeRel|Win32
		{0CDA9BC3-DBA3-315F-B2A3-9A0D51BFBA03}.MinSizeRel|Win32.Build.0 = MinSizeRel|Win32
		{0CDA9BC3-DBA3-315F-B2A3-9A0D51BFBA03}.RelWithDebInfo|Win32.ActiveCfg = RelWithDebInfo|Win32
		{0CDA9BC3-DBA3-315F-B2A3-9A0D51BFBA03}.RelWithDebInfo|Win32.Build.0 = RelWithDebInfo|Win32
		{E6D7B684-93A4-3D8E-B82C-5542AC91BE4A}.Debug|Win32.ActiveCfg = Debug|Win32
		{E6D7B684-93A4-3D8E-B82C-5542AC91BE4A}.Debug|Win32.Build.0 = Debug|Win32
		{E6D7B684-93A4-3D8E-B82C-5542AC91BE4A}.Release|Win32.ActiveCfg = Release|Win32
		{E6D7B684-93A4-3D8E-B82C-5542AC91BE4A}.Release|Win32.Build.0 = Release|Win32
		{E6D7B684-93A4-3D8E-B82C-5542AC91BE4A}.MinSizeRel|Win32.ActiveCfg = MinSizeRel|Win32
		{E6D7B684-93A4-3D8E-B82C-5542AC91BE4A}.MinSizeRel|Win32.Build.0 = MinSizeRel|Win32
		{E6D7B684-93A4-3D8E-B82C-5542AC91BE4A}.RelWithDebInfo|Win32.ActiveCfg = RelWithDebInfo|Win32
		{E6D7B684-93A4-3D8E-B82C-5542AC91BE4A}.RelWithDebInfo|Win32.Build.0 = RelWithDebInfo|Win32
		{6FC8449A-5DC1-3662-945B-F21CBD7115FC}.Debug|Win32.ActiveCfg = Debug|Win32
		{6FC8449A-5DC1-3662-945B-F21CBD7115FC}.Debug|Win32.Build.0 = Debug|Win32
		{6FC8449A-5DC1-3662-945B-F21CBD7115FC}.Release|Win32.ActiveCfg = Release|Win32
		{6FC8449A-5DC1-3662-945B-F21CBD7115FC}.Release|Win32.Build.0 = Release|Win32
		{6FC8449A-5DC1-3662-945B-F21CBD7115FC}.MinSizeRel|Win32.ActiveCfg = MinSizeRel|Win32
		{6FC8449A-5DC1-3662-945B-F21CBD7115FC}.MinSizeRel|Win32.Build.0 = MinSizeRel|Win32
		{6FC8449A-5DC1-3662-945B-F21CBD7115FC}.RelWithDebInfo|Win32.ActiveCfg = RelWithDebInfo|Win32
		{6FC8449A-5DC1-3662-945B-F21CBD7115FC}.RelWithDebInfo|Win32.Build.0 = RelWithDebInfo|Win32
		{3DA8786C-02C4-3116-B802-FF0AD4FB5E06}.Debug|Win32.ActiveCfg = Debug|Win32
		{3DA8786C-02C4-3116-B802-FF0AD4FB5E06}.Debug|Win32.Build.0 = Debug|Win32
		{3DA8786C-02C4-3116-B802-FF0AD4FB5E06}.Release|Win32.ActiveCfg = Release|Win32
		{3DA8786C-02C4-3116-B802-FF0AD4FB5E06}.Release|Win32.Build.0 = Release|Win32
		{3DA8786C-02C4-3116-B802-FF0AD4FB5E06}.MinSizeRel|Win32.ActiveCfg = MinSizeRel|Win32
		{3DA8786C-02C4-3116-B802-FF0AD4FB5E06}.MinSizeRel|Win32.Build.0 = MinSizeRel|Win32
		{3DA8786C-02C4-3116-B802-FF0AD4FB5E06}.RelWithDebInfo|Win32.ActiveCfg = RelWithDebInfo|Win32
		{3DA8786C-02C4-3116-B802-FF0AD4FB5E06}.RelWithDebInfo|Win32.Build.0 = RelWithDebInfo|Win32
		{45045F60-5C3D-3668-B4F3-33851F3A76BB}.Debug|Win32.ActiveCfg = Debug|Win32
		{45045F60-5C3D-3668-B4F3-33851F3A76BB}.Debug|Win32.Build.0 = Debug|Win32
		{45045F60-5C3D-3668-B4F3-33851F3A76BB}.Release|Win32.ActiveCfg = Release|Win32
		{45045F60-5C3D-3668-B4F3-33851F3A76BB}.Release|Win32.Build.0 = Release|Win32
		{45045F60-5C3D-3668-B4F3-33851F3A76BB}.MinSizeRel|Win32.ActiveCfg = MinSizeRel|Win32
		{45045F60-5C3D-3668-B4F3-33851F3A76BB}.MinSizeRel|Win32.Build.0 = MinSizeRel|Win32
		{45045F60-5C3D-3668-B4F3-33851F3A76BB}.RelWithDebInfo|Win32.ActiveCfg = RelWithDebInfo|Win32
		{45045F60-5C3D-3668-B4F3-33851F3A76BB}.RelWithDebInfo|Win32.Build.0 = RelWithDebInfo|Win32
		{FB9EC2FD-6366-3096-8ADF-829E17F6E0AB}.Debug|Win32.ActiveCfg = Debug|Win32
		{FB9EC2FD-6366-3096-8ADF-829E17F6E0AB}.Debug|Win32.Build.0 = Debug|Win32
		{FB9EC2FD-6366-3096-8ADF-829E17F6E0AB}.Release|Win32.ActiveCfg = Release|Win32
		{FB9EC2FD-6366-3096-8ADF-829E17F6E0AB}.Release|Win32.Build.0 = Release|Win32
		{FB9EC2FD-6366-3096-8ADF-829E17F6E0AB}.MinSizeRel|Win32.ActiveCfg = MinSizeRel|Win32
		{FB9EC2FD-6366-3096-8ADF-829E17F6E0AB}.MinSizeRel|Win32.Build.0 = MinSizeRel|Win32
		{FB9EC2FD-6366-3096-8ADF-829E17F6E0AB}.RelWithDebInfo|Win32.ActiveCfg = RelWithDebInfo|Win32
		{FB9EC2FD-6366-3096-8ADF-829E17F6E0AB}.RelWithDebInfo|Win32.Build.0 = RelWithDebInfo|Win32
		{CC91D32C-845E-3F2F-BD51-11D511C626EB}.Debug|Win32.ActiveCfg = Debug|Win32
		{CC91D32C-845E-3F2F-BD51-11D511C626EB}.Debug|Win32.Build.0 = Debug|Win32
		{CC91D32C-845E-3F2F-BD51-11D511C626EB}.Release|Win32.ActiveCfg = Release|Win32
		{CC91D32C-845E-3F2F-BD51-11D511C626EB}.Release|Win32.Build.0 = Release|Win32
		{CC91D32C-845E-3F2F-BD51-11D511C626EB}.MinSizeRel|Win32.ActiveCfg = MinSizeRel|Win32
		{CC91D32C-845E-3F2F-BD51-11D511C626EB}.MinSizeRel|Win32.Build.0 = MinSizeRel|Win32
		{CC91D32C-845E-3F2F-BD51-11D511C626EB}.RelWithDebInfo|Win32.ActiveCfg = RelWithDebInfo|Win32
		{CC91D32C-845E-3F2F-BD51-11D511C626EB}.RelWithDebInfo|Win32.Build.0 = RelWithDebInfo|Win32
		{8A8B0D85-529C-3703-AFEF-66D86AC59128}.Debug|Win32.ActiveCfg = Debug|Win32
		{8A8B0D85-529C-3703-AFEF-66D86AC59128}.Debug|Win32.Build.0 = Debug|Win32
		{8A8B0D85-529C-3703-AFEF-66D86AC59128}.Release|Win32.ActiveCfg = Release|Win32
		{8A8B0D85-529C-3703-AFEF-66D86AC59128}.Release|Win32.Build.0 = Release|Win32
		{8A8B0D85-529C-3703-AFEF-66D86AC59128}.MinSizeRel|Win32.ActiveCfg = MinSizeRel|Win32
		{8A8B0D85-529C-3703-AFEF-66D86AC59128}.MinSizeRel|Win32.Build.0 = MinSizeRel|Win32
		{8A8B0D85-529C-3703-AFEF-66D86AC59128}.RelWithDebInfo|Win32.ActiveCfg = RelWithDebInfo|Win32
		{8A8B0D85-529C-3703-AFEF-66D86AC59128}.RelWithDebInfo|Win32.Build.0 = RelWithDebInfo|Win32
		{FC4A0C9A-F549-3774-9722-19A435927442}.Debug|Win32.ActiveCfg = Debug|Win32
		{FC4A0C9A-F549-3774-9722-19A435927442}.Debug|Win32.Build.0 = Debug|Win32
		{FC4A0C9A-F549-3774-9722-19A435927442}.Release|Win32.ActiveCfg = Release|Win32
		{FC4A0C9A-F549-3774-9722-19A435927442}.Release|Win32.Build.0 = Release|Win32
		{FC4A0C9A-F549-3774-9722-19A435927442}.MinSizeRel|Win32.ActiveCfg = MinSizeRel|Win32
		{FC4A0C9A-F549-3774-9722-19A435927442}.MinSizeRel|Win32.Build.0 = MinSizeRel|Win32
		{FC4A0C9A-F549-3774-9722-19A435927442}.RelWithDebInfo|Win32.ActiveCfg = RelWithDebInfo|Win32
		{FC4A0C9A-F549-3774-9722-19A435927442}.RelWithDebInfo|Win32.Build.0 = RelWithDebInfo|Win32
		{7D3B8334-8FFF-3715-92EA-250FD2CFCF49}.Debug|Win32.ActiveCfg = Debug|Win32
		{7D3B8334-8FFF-3715-92EA-250FD2CFCF49}.Release|Win32.ActiveCfg = Release|Win32
		{7D3B8334-8FFF-3715-92EA-250FD2CFCF49}.MinSizeRel|Win32.ActiveCfg = MinSizeRel|Win32
		{7D3B8334-8FFF-3715-92EA-250FD2CFCF49}.RelWithDebInfo|Win32.ActiveCfg = RelWithDebInfo|Win32
		{3204EFAF-68B0-395F-AFCC-C4F3C9C09768}.Debug|Win32.ActiveCfg = Debug|Win32
		{3204EFAF-68B0-395F-AFCC-C4F3C9C09768}.Debug|Win32.Build.0 = Debug|Win32
		{3204EFAF-68B0-395F-AFCC-C4F3C9C09768}.Release|Win32.ActiveCfg = Release|Win32
		{3204EFAF-68B0-395F-AFCC-C4F3C9C09768}.Release|Win32.Build.0 = Release|Win32
		{3204EFAF-68B0-395F-AFCC-C4F3C9C09768}.MinSizeRel|Win32.ActiveCfg = MinSizeRel|Win32
		{3204EFAF-68B0-395F-AFCC-C4F3C9C09768}.MinSizeRel|Win32.Build.0 = MinSizeRel|Win32
		{3204EFAF-68B0-395F-AFCC-C4F3C9C09768}.RelWithDebInfo|Win32.ActiveCfg = RelWithDebInfo|Win32
		{3204EFAF-68B0-395F-AFCC-C4F3C9C09768}.RelWithDebInfo|Win32.Build.0 = RelWithDebInfo|Win32
		{AAF302E2-7ED0-3B9E-8A17-F4B5310F381C}.Debug|Win32.ActiveCfg = Debug|Win32
		{AAF302E2-7ED0-3B9E-8A17-F4B5310F381C}.Debug|Win32.Build.0 = Debug|Win32
		{AAF302E2-7ED0-3B9E-8A17-F4B5310F381C}.Release|Win32.ActiveCfg = Release|Win32
		{AAF302E2-7ED0-3B9E-8A17-F4B5310F381C}.Release|Win32.Build.0 = Release|Win32
		{AAF302E2-7ED0-3B9E-8A17-F4B5310F381C}.MinSizeRel|Win32.ActiveCfg = MinSizeRel|Win32
		{AAF302E2-7ED0-3B9E-8A17-F4B5310F381C}.MinSizeRel|Win32.Build.0 = MinSizeRel|Win32
		{AAF302E2-7ED0-3B9E-8A17-F4B5310F381C}.RelWithDebInfo|Win32.ActiveCfg = RelWithDebInfo|Win32
		{AAF302E2-7ED0-3B9E-8A17-F4B5310F381C}.RelWithDebInfo|Win32.Build.0 = RelWithDebInfo|Win32
	EndGlobalSection
	GlobalSection(NestedProjects) = preSolution
		{98B82448-0FF0-3A7D-AE36-EB7810273615} = {3B3D7D06-97D3-3199-BCCB-59022D7B9478}
		{4CB5BC1A-F642-3A0E-A8AA-23C0CDB7D334} = {3B3D7D06-97D3-3199-BCCB-59022D7B9478}
		{F1EA8FC2-6EFB-3C74-8AD4-C5946FD23548} = {3B3D7D06-97D3-3199-BCCB-59022D7B9478}
		{4F591457-B378-3A45-B0E2-0E33610A2959} = {DADC1E67-1C5C-30C4-9E61-C6DF851F257D}
		{3B5F29B6-23D0-317E-B0A4-9A151D2AAF05} = {DADC1E67-1C5C-30C4-9E61-C6DF851F257D}
		{792C31FE-AC6F-32FA-AE0D-E8268F2E1A5E} = {DADC1E67-1C5C-30C4-9E61-C6DF851F257D}
		{6F105204-3F7E-36F4-B977-5E95ED209464} = {4F591457-B378-3A45-B0E2-0E33610A2959}
		{F671A3FF-0C03-3DF9-B103-CAF7F61964CD} = {4F591457-B378-3A45-B0E2-0E33610A2959}
		{E67B952E-7F9F-3470-AF7F-1DB844C380D0} = {4F591457-B378-3A45-B0E2-0E33610A2959}
		{0CDA9BC3-DBA3-315F-B2A3-9A0D51BFBA03} = {4F591457-B378-3A45-B0E2-0E33610A2959}
		{3DA8786C-02C4-3116-B802-FF0AD4FB5E06} = {4F591457-B378-3A45-B0E2-0E33610A2959}
		{45045F60-5C3D-3668-B4F3-33851F3A76BB} = {4F591457-B378-3A45-B0E2-0E33610A2959}
		{3204EFAF-68B0-395F-AFCC-C4F3C9C09768} = {4F591457-B378-3A45-B0E2-0E33610A2959}
		{E4B160BF-24F0-3595-B63A-23F90BD85F91} = {3B5F29B6-23D0-317E-B0A4-9A151D2AAF05}
		{08572D39-B755-379F-855D-9971C850C5AF} = {3B5F29B6-23D0-317E-B0A4-9A151D2AAF05}
		{605278E2-31A0-3A4B-9C6E-7C9CF2BCCC6E} = {3B5F29B6-23D0-317E-B0A4-9A151D2AAF05}
		{BD63E939-0D9D-3064-871C-62C492E51326} = {3B5F29B6-23D0-317E-B0A4-9A151D2AAF05}
		{38B49F90-BCF3-3830-B3D3-849C93FF79EB} = {3B5F29B6-23D0-317E-B0A4-9A151D2AAF05}
		{78BE2D10-DD2B-304A-818D-B8A009A43A3C} = {3B5F29B6-23D0-317E-B0A4-9A151D2AAF05}
		{BE4CF4A2-CF68-34DD-B180-D3AB0569925F} = {3B5F29B6-23D0-317E-B0A4-9A151D2AAF05}
		{35CD18FA-DFF5-3DFF-9381-3D837C65D362} = {3B5F29B6-23D0-317E-B0A4-9A151D2AAF05}
		{AF92643B-E51F-3387-9068-97509013496D} = {3B5F29B6-23D0-317E-B0A4-9A151D2AAF05}
		{438A8CA0-DC88-303B-A034-4A4DBC382D58} = {3B5F29B6-23D0-317E-B0A4-9A151D2AAF05}
		{678511EA-865B-362A-960F-AAA38EDCFC00} = {3B5F29B6-23D0-317E-B0A4-9A151D2AAF05}
		{E6D7B684-93A4-3D8E-B82C-5542AC91BE4A} = {3B5F29B6-23D0-317E-B0A4-9A151D2AAF05}
		{6FC8449A-5DC1-3662-945B-F21CBD7115FC} = {3B5F29B6-23D0-317E-B0A4-9A151D2AAF05}
		{FB9EC2FD-6366-3096-8ADF-829E17F6E0AB} = {3B5F29B6-23D0-317E-B0A4-9A151D2AAF05}
		{CC91D32C-845E-3F2F-BD51-11D511C626EB} = {3B5F29B6-23D0-317E-B0A4-9A151D2AAF05}
		{8A8B0D85-529C-3703-AFEF-66D86AC59128} = {3B5F29B6-23D0-317E-B0A4-9A151D2AAF05}
		{FC4A0C9A-F549-3774-9722-19A435927442} = {3B5F29B6-23D0-317E-B0A4-9A151D2AAF05}
		{AAF302E2-7ED0-3B9E-8A17-F4B5310F381C} = {3B5F29B6-23D0-317E-B0A4-9A151D2AAF05}
	EndGlobalSection
	GlobalSection(ExtensibilityGlobals) = postSolution
	EndGlobalSection
	GlobalSection(ExtensibilityAddIns) = postSolution
	EndGlobalSection
EndGlobal
